# this file was auto generated by `poetry_extensions/requirements_lock_2.py`
# pip install -r requirements.lock
--index-url https://pypi.tuna.tsinghua.edu.cn/simple

argsense @ http://likianta.pro:2006/argsense/argsense-0.5.5a0-py3-none-any.whl
lk-utils==2.7.2
pyapp-window @ http://likianta.pro:2006/pyapp-window/pyapp_window-0.3.0-py3-none-any.whl
streamlit==1.28.1
toml==0.10.2
