# this file was auto generated by `poetry_extensions/requirements_lock_2.py`
# file was updated at 2023-12-06 15:20:43
# use `pip` command to install: 
#   pip install -r requirements.lock

--index-url https://pypi.tuna.tsinghua.edu.cn/simple
--extra-index-url http://likianta.pro:2006
--trusted-host likianta.pro

argsense @ http://likianta.pro:2006/argsense/argsense-0.5.5a0-py3-none-any.whl
lk-utils==2.7.2
numpy==1.26.2
pandas==2.1.3
pyapp-window @ http://likianta.pro:2006/pyapp-window/pyapp_window-0.4.1a1-py3-none-any.whl
streamlit==1.29.0
toml==0.10.2
