# This file is automatically @generated by Poetry 1.6.1 and should not be changed by hand.

[[package]]
name = "gbulb"
version = "0.6.4"
description = "GLib event loop for tulip (PEP 3156)"
optional = false
python-versions = ">=3.7"
files = [
    {file = "gbulb-0.6.4-py3-none-any.whl", hash = "sha256:31d64ede2e7aac8f871ce914f884b949e4891b1faa2ef45800db9eaa9c4b371b"},
    {file = "gbulb-0.6.4.tar.gz", hash = "sha256:4a6dddd9b8f958393e9ace60def7feacee6528136504bea3407e5ffe79f1a89f"},
]

[package.dependencies]
pygobject = ">=3.14.0"

[package.source]
type = "legacy"
url = "https://pypi.tuna.tsinghua.edu.cn/simple"
reference = "tsinghua"

[[package]]
name = "importlib-metadata"
version = "6.8.0"
description = "Read metadata from Python packages"
optional = false
python-versions = ">=3.8"
files = [
    {file = "importlib_metadata-6.8.0-py3-none-any.whl", hash = "sha256:3ebb78df84a805d7698245025b975d9d67053cd94c79245ba4b3eb694abe68bb"},
    {file = "importlib_metadata-6.8.0.tar.gz", hash = "sha256:dbace7892d8c0c4ac1ad096662232f831d4e64f4c4545bd53016a3e9d4654743"},
]

[package.dependencies]
zipp = ">=0.5"

[package.extras]
docs = ["furo", "jaraco.packaging (>=9)", "jaraco.tidelift (>=1.4)", "rst.linker (>=1.9)", "sphinx (>=3.5)", "sphinx-lint"]
perf = ["ipython"]
testing = ["flufl.flake8", "importlib-resources (>=1.3)", "packaging", "pyfakefs", "pytest (>=6)", "pytest-black (>=0.3.7)", "pytest-checkdocs (>=2.4)", "pytest-cov", "pytest-enabler (>=2.2)", "pytest-mypy (>=0.9.1)", "pytest-perf (>=0.9.2)", "pytest-ruff"]

[package.source]
type = "legacy"
url = "https://pypi.tuna.tsinghua.edu.cn/simple"
reference = "tsinghua"

[[package]]
name = "pycairo"
version = "1.25.1"
description = "Python interface for cairo"
optional = false
python-versions = ">=3.8"
files = [
    {file = "pycairo-1.25.1-cp310-cp310-win32.whl", hash = "sha256:cacb5c2abbfdfc79c728ab261ff791511e4957b606c660f9b380975b678b728f"},
    {file = "pycairo-1.25.1-cp310-cp310-win_amd64.whl", hash = "sha256:109ebbeb5bbc510b726fc31251071264dec241e5084d0668f846d7e17e5af8e0"},
    {file = "pycairo-1.25.1-cp310-cp310-win_arm64.whl", hash = "sha256:b19269a8bf9ab5e3c617f2699bed00977fd02ff304339a233654456c0236f7c6"},
    {file = "pycairo-1.25.1-cp311-cp311-win32.whl", hash = "sha256:b10e58a3ce41e487aae15050b630742e880d4135cee7a69cee2c0ea2a0b4bd0a"},
    {file = "pycairo-1.25.1-cp311-cp311-win_amd64.whl", hash = "sha256:fcf5511b05a652a0ef87f626bf26bfc1b796a67f0d1bd40781c62986fb41c356"},
    {file = "pycairo-1.25.1-cp311-cp311-win_arm64.whl", hash = "sha256:4133ba3ef6d875aa1b16643dc0801846f463b8e78750f5308c41902dfeac5b9a"},
    {file = "pycairo-1.25.1-cp312-cp312-win32.whl", hash = "sha256:56fee2837a07ecd914f4fbf78ff59445f78becd658fe36125101925dd489eb94"},
    {file = "pycairo-1.25.1-cp312-cp312-win_amd64.whl", hash = "sha256:fb31eec2c41ec74e23dc0fc9feb4007b4c37f78ec76220ed92530b342e09821a"},
    {file = "pycairo-1.25.1-cp312-cp312-win_arm64.whl", hash = "sha256:27011d822952d7817130fc17f490de94328590bc8d45bdbca9ec4a47039fca22"},
    {file = "pycairo-1.25.1-cp38-cp38-win32.whl", hash = "sha256:9a7c5ed92fe87f60e9796777d5255f2df2deeb8ab1e3c296e67a1d8c9790808c"},
    {file = "pycairo-1.25.1-cp38-cp38-win_amd64.whl", hash = "sha256:48603ad31616140ad6fa097f13086d0ce8f29ead35ad6a215962f3b0496a5a70"},
    {file = "pycairo-1.25.1-cp39-cp39-win32.whl", hash = "sha256:97666c084e9eb1c08c7fd6d306d153767acdf03c0d80349ec55863cecd4138e0"},
    {file = "pycairo-1.25.1-cp39-cp39-win_amd64.whl", hash = "sha256:ac5437d140eccd97af12a618cc1ace0d9a85f1269f29e963751949f132828b21"},
    {file = "pycairo-1.25.1-cp39-cp39-win_arm64.whl", hash = "sha256:bda5d10adbf1f5eba6b524b5a70ccf7f659680b77e691ff94b312f25a6fcc91f"},
    {file = "pycairo-1.25.1.tar.gz", hash = "sha256:7e2be4fbc3b4536f16db7a11982cbf713e75069a4d73d44fe5a49b68423f5c0c"},
]

[package.source]
type = "legacy"
url = "https://pypi.tuna.tsinghua.edu.cn/simple"
reference = "tsinghua"

[[package]]
name = "pycparser"
version = "2.21"
description = "C parser in Python"
optional = false
python-versions = ">=2.7, !=3.0.*, !=3.1.*, !=3.2.*, !=3.3.*"
files = [
    {file = "pycparser-2.21-py2.py3-none-any.whl", hash = "sha256:8ee45429555515e1f6b185e78100aea234072576aa43ab53aefcae078162fca9"},
    {file = "pycparser-2.21.tar.gz", hash = "sha256:e644fdec12f7872f86c58ff790da456218b10f863970249516d60a5eaca77206"},
]

[package.source]
type = "legacy"
url = "https://pypi.tuna.tsinghua.edu.cn/simple"
reference = "tsinghua"

[[package]]
name = "pygobject"
version = "3.46.0"
description = "Python bindings for GObject Introspection"
optional = false
python-versions = "^3.8"
files = [
    {file = "PyGObject-3.46.0.tar.gz", hash = "sha256:481437b05af0a66b7c366ea052710eb3aacbb979d22d30b797f7ec29347ab1e6"},
]

[package.dependencies]
pycairo = ">=1.16,<2.0"

[package.source]
type = "legacy"
url = "https://pypi.tuna.tsinghua.edu.cn/simple"
reference = "tsinghua"

[[package]]
name = "pythonnet"
version = "2.5.2"
description = ".Net and Mono integration for Python"
optional = false
python-versions = "*"
files = [
    {file = "pythonnet-2.5.2-cp27-cp27m-win32.whl", hash = "sha256:d519bbc7b1cd3999651efc594d91cb67c46d1d8466dad3d83b578102e58d05bd"},
    {file = "pythonnet-2.5.2-cp27-cp27m-win_amd64.whl", hash = "sha256:c02f53d0e61b202cddf3198fac9553d5b4ee0ea0cc4fe658c2ed69ab24def276"},
    {file = "pythonnet-2.5.2-cp35-cp35m-win32.whl", hash = "sha256:840bdef89b378663d73f74f18895b6d8630d1f5671457a1db5ffb68179d85582"},
    {file = "pythonnet-2.5.2-cp35-cp35m-win_amd64.whl", hash = "sha256:d8e5b27de1e2cfb69b88782ac5cdf605b1a73598a85d86570e46961126628dbb"},
    {file = "pythonnet-2.5.2-cp36-cp36m-win32.whl", hash = "sha256:62645c29840c4a877d66e047f3e065b2e5a1a66431a99bce8d42a5af3a093ee1"},
    {file = "pythonnet-2.5.2-cp36-cp36m-win_amd64.whl", hash = "sha256:058e536062d1585d07ec5f2cf16aefcfc8eb8179faa90e5db0063d358469d025"},
    {file = "pythonnet-2.5.2-cp37-cp37m-win32.whl", hash = "sha256:cc77fc63e2afb0a80199ab44ced4fdfb78c19d8030063c345c80740d15380dd9"},
    {file = "pythonnet-2.5.2-cp37-cp37m-win_amd64.whl", hash = "sha256:80c8f5c9bd10440a73eb6aedbbacb2f3dd7701b474816f5ef7636f529d838d38"},
    {file = "pythonnet-2.5.2-cp38-cp38-win32.whl", hash = "sha256:41a607b7304e9efc6d4d8db438d6018a17c6637e8b8998848ff5c2a7a1b4687c"},
    {file = "pythonnet-2.5.2-cp38-cp38-win_amd64.whl", hash = "sha256:00a4fed9fc05b4efbe8947c79dc0799cffbca4c89e3e068e70b6618f20c906f2"},
    {file = "pythonnet-2.5.2.tar.gz", hash = "sha256:b7287480a1f6ae4b6fc80d775446d8af00e051ca1646b6cc3d32c5d3a461ede3"},
]

[package.dependencies]
pycparser = "*"

[package.source]
type = "legacy"
url = "https://pypi.tuna.tsinghua.edu.cn/simple"
reference = "tsinghua"

[[package]]
name = "rubicon-objc"
version = "0.4.7"
description = "A bridge between an Objective C runtime environment and Python."
optional = false
python-versions = ">=3.8"
files = [
    {file = "rubicon-objc-0.4.7.tar.gz", hash = "sha256:be937d864bd1229f860defabb89b40c53634eedc36448d89ad3c14eb3286e509"},
    {file = "rubicon_objc-0.4.7-py3-none-any.whl", hash = "sha256:f37108e35d5da1a78ab3eed2d03b095934f5f618329a939e4bd2ada9894eff6e"},
]

[package.extras]
dev = ["pre-commit (==3.5.0)", "pytest (==7.4.2)", "pytest-tldr (==0.2.5)", "setuptools-scm[toml] (==8.0.4)", "tox (==4.11.3)"]
docs = ["furo (==2023.9.10)", "pyenchant (==3.2.2)", "sphinx (==7.1.2)", "sphinx (==7.2.6)", "sphinx-autobuild (==2021.3.14)", "sphinx-copybutton (==0.5.2)", "sphinx-tabs (==3.4.1)", "sphinxcontrib-spelling (==8.0.0)"]

[package.source]
type = "legacy"
url = "https://pypi.tuna.tsinghua.edu.cn/simple"
reference = "tsinghua"

[[package]]
name = "toga"
version = "0.2.15"
description = "A Python native, OS native GUI toolkit."
optional = false
python-versions = "*"
files = [
    {file = "toga-0.2.15-py3-none-any.whl", hash = "sha256:8cd2b2a084998ea28b96a34315a86abdbe596958acfe721f8fe1520645060620"},
    {file = "toga-0.2.15.tar.gz", hash = "sha256:e96ca2ccb1322ee22fdc93ae3d1614f14b1148dcdd7fbca28a36f097ed1b3dfa"},
]

[package.dependencies]
toga-cocoa = {version = "*", markers = "sys_platform == \"darwin\""}
toga-gtk = {version = "*", markers = "sys_platform == \"linux\""}
toga-winforms = {version = "*", markers = "sys_platform == \"win32\""}

[package.source]
type = "legacy"
url = "https://pypi.tuna.tsinghua.edu.cn/simple"
reference = "tsinghua"

[[package]]
name = "toga-cocoa"
version = "0.3.1"
description = "A Cocoa (macOS) backend for the Toga widget toolkit."
optional = false
python-versions = ">=3.6"
files = [
    {file = "toga-cocoa-0.3.1.tar.gz", hash = "sha256:bdf0d0d043e200ba71d3d051ece841a4f8d2fb269b787b35deec47e6a5739fce"},
    {file = "toga_cocoa-0.3.1-py3-none-any.whl", hash = "sha256:7fff841578cdf82b1c4919e1cb0ae742121055ed585a14d3e51ad11484836064"},
]

[package.dependencies]
rubicon-objc = ">=0.4.5rc1,<0.5.0"
toga-core = "0.3.1"

[package.source]
type = "legacy"
url = "https://pypi.tuna.tsinghua.edu.cn/simple"
reference = "tsinghua"

[[package]]
name = "toga-core"
version = "0.3.1"
description = "A Python native, OS native GUI toolkit."
optional = false
python-versions = ">=3.7"
files = [
    {file = "toga-core-0.3.1.tar.gz", hash = "sha256:3cf5f3448e244a4e14d689130240d939034acf2d359538a9216bfc148a434efa"},
    {file = "toga_core-0.3.1-py3-none-any.whl", hash = "sha256:42e118c4710b7fdbfdbc9cda3436c552d4ad2996352ea2e0f8bb7d19c513e3a1"},
]

[package.dependencies]
importlib-metadata = {version = ">=4.4.0", markers = "python_version <= \"3.9\""}
travertino = ">=0.1.3"

[package.extras]
dev = ["coverage[toml] (==7.0.5)", "pre-commit (==2.21.0)", "pre-commit (==3.0.2)", "pytest (==7.2.1)", "pytest-tldr (==0.2.5)", "setuptools-scm[toml] (==7.0.5)", "tox (==4.3.5)"]
docs = ["furo (==2022.12.7)", "pyenchant (==3.2.2)", "sphinx (==6.1.3)", "sphinx-autobuild (==2021.3.14)", "sphinx-autodoc-typehints (==1.22)", "sphinx-csv-filter (==0.4.0)", "sphinx-tabs (==3.4.1)", "sphinxcontrib-spelling (==7.7.0)"]

[package.source]
type = "legacy"
url = "https://pypi.tuna.tsinghua.edu.cn/simple"
reference = "tsinghua"

[[package]]
name = "toga-gtk"
version = "0.3.1"
description = "A GTK backend for the Toga widget toolkit."
optional = false
python-versions = ">=3.6"
files = [
    {file = "toga-gtk-0.3.1.tar.gz", hash = "sha256:89d29cbf5fdb64bd82a0904052e4fef14b91428b34792033c1f85259ad5eb50e"},
    {file = "toga_gtk-0.3.1-py3-none-any.whl", hash = "sha256:e06d945125da098968b57f10e8c56135f41aa2f8810d36052e0dc596c84c222f"},
]

[package.dependencies]
gbulb = ">=0.5.3"
pycairo = ">=1.17.0"
pygobject = ">=3.14.0"
toga-core = "0.3.1"

[package.source]
type = "legacy"
url = "https://pypi.tuna.tsinghua.edu.cn/simple"
reference = "tsinghua"

[[package]]
name = "toga-winforms"
version = "0.2.15"
description = "A Microsoft .Net backend for the Toga widget toolkit using the WinForms API."
optional = false
python-versions = "*"
files = [
    {file = "toga-winforms-0.2.15.tar.gz", hash = "sha256:067526db09fa0968d8032a757d6678e61968d05bf45ae956b1bdaf48beab3788"},
    {file = "toga_winforms-0.2.15-py3-none-any.whl", hash = "sha256:af19cb89cc4791a9b16aff4b195cfd810bc760a0bd48ef4564eae355d2e02401"},
]

[package.dependencies]
pythonnet = "*"
toga-core = ">=0.2.15"

[package.source]
type = "legacy"
url = "https://pypi.tuna.tsinghua.edu.cn/simple"
reference = "tsinghua"

[[package]]
name = "travertino"
version = "0.3.0"
description = "Travertino is a set of constants and utilities for describing user interfaces"
optional = false
python-versions = ">=3.8"
files = [
    {file = "travertino-0.3.0-py3-none-any.whl", hash = "sha256:f45d8102353f92c2894915e42f939ba4bc1a0be78b02fa54b640c0e674892167"},
    {file = "travertino-0.3.0.tar.gz", hash = "sha256:51aa2ddf361ec42c0a70401b52ab0d26293fddb0d9de35555f7489ab8a296e19"},
]

[package.extras]
dev = ["pre-commit (==3.3.3)", "pytest (==7.4.0)", "setuptools-scm[toml] (==7.1.0)", "tox (==4.8.0)"]

[package.source]
type = "legacy"
url = "https://pypi.tuna.tsinghua.edu.cn/simple"
reference = "tsinghua"

[[package]]
name = "zipp"
version = "3.17.0"
description = "Backport of pathlib-compatible object wrapper for zip files"
optional = false
python-versions = ">=3.8"
files = [
    {file = "zipp-3.17.0-py3-none-any.whl", hash = "sha256:0e923e726174922dce09c53c59ad483ff7bbb8e572e00c7f7c46b88556409f31"},
    {file = "zipp-3.17.0.tar.gz", hash = "sha256:84e64a1c28cf7e91ed2078bb8cc8c259cb19b76942096c8d7b84947690cabaf0"},
]

[package.extras]
docs = ["furo", "jaraco.packaging (>=9.3)", "jaraco.tidelift (>=1.4)", "rst.linker (>=1.9)", "sphinx (<7.2.5)", "sphinx (>=3.5)", "sphinx-lint"]
testing = ["big-O", "jaraco.functools", "jaraco.itertools", "more-itertools", "pytest (>=6)", "pytest-black (>=0.3.7)", "pytest-checkdocs (>=2.4)", "pytest-cov", "pytest-enabler (>=2.2)", "pytest-ignore-flaky", "pytest-mypy (>=0.9.1)", "pytest-ruff"]

[package.source]
type = "legacy"
url = "https://pypi.tuna.tsinghua.edu.cn/simple"
reference = "tsinghua"

[metadata]
lock-version = "2.0"
python-versions = "^3.8"
content-hash = "92877acad48566fbc5f6685808828753574e16ba4b6c6659d50d04da8be1b0f5"
