# pip install -r requirements.lock --no-deps
--index-url https://pypi.tuna.tsinghua.edu.cn/simple

argsense==0.5.3
cffi==1.16.0
clr-loader==0.2.6
gbulb==0.6.4
importlib-metadata==6.8.0 ; python_version <= "3.9"
linkify-it-py==2.0.2 ; extra == "linkify"
markdown-it-py==3.0.0
mdit-py-plugins==0.4.0 ; extra == "plugins"
mdurl==0.1.2
pycairo==1.25.1
pycparser==2.21
pygments==2.16.1
pygobject==3.46.0
pythonnet==3.0.3
rich==13.6.0
rubicon-objc==0.4.7
textual==0.41.0
toga==0.3.1
toga-cocoa==0.3.1 ; sys_platform == "darwin"
toga-core==0.3.1
toga-gtk==0.3.1 ; sys_platform == "freebsd" or sys_platform == "linux"
toga-winforms==0.3.1 ; sys_platform == "win32"
travertino==0.3.0
typing-extensions==4.8.0 ; python_version < "3.9"
uc-micro-py==1.0.2
zipp==3.17.0
